
Microsoft Visual Studio Solution File, Format Version 12.00
# Visual Studio Version 16
VisualStudioVersion = 16.0.29911.84
MinimumVisualStudioVersion = 10.0.40219.1
Project("{FAE04EC0-301F-11D3-BF4B-00C04F79EFBC}") = "SleiFoodDb", "SleiFoodDb\SleiFoodDb.csproj", "{5AA224B0-7805-448E-A60D-FA3D4C741CA1}"
EndProject
Global
	GlobalSection(SolutionConfigurationPlatforms) = preSolution
		Debug|Any CPU = Debug|Any CPU
		Release|Any CPU = Release|Any CPU
	EndGlobalSection
	GlobalSection(ProjectConfigurationPlatforms) = postSolution
		{5AA224B0-7805-448E-A60D-FA3D4C741CA1}.Debug|Any CPU.ActiveCfg = Debug|Any CPU
		{5AA224B0-7805-448E-A60D-FA3D4C741CA1}.Debug|Any CPU.Build.0 = Debug|Any CPU
		{5AA224B0-7805-448E-A60D-FA3D4C741CA1}.Release|Any CPU.ActiveCfg = Release|Any CPU
		{5AA224B0-7805-448E-A60D-FA3D4C741CA1}.Release|Any CPU.Build.0 = Release|Any CPU
	EndGlobalSection
	GlobalSection(SolutionProperties) = preSolution
		HideSolutionNode = FALSE
	EndGlobalSection
	GlobalSection(ExtensibilityGlobals) = postSolution
		SolutionGuid = {73A385E3-BC44-4466-A540-085F9605AF6E}
	EndGlobalSection
EndGlobal
